
Microsoft Visual Studio Solution File, Format Version 12.00
# Visual Studio Version 16
VisualStudioVersion = 16.0.29509.3
MinimumVisualStudioVersion = 10.0.40219.1
Project("{FAE04EC0-301F-11D3-BF4B-00C04F79EFBC}") = "ii_zh_minta_b", "ii_zh_minta_b\ii_zh_minta_b.csproj", "{6CDEECB0-3805-4413-9A9B-275EE5B7A3A1}"
EndProject
Project("{FAE04EC0-301F-11D3-BF4B-00C04F79EFBC}") = "ii_zh_minta_b_tests", "ii_zh_minta_b_tests\ii_zh_minta_b_tests.csproj", "{A34994DE-76C6-4EE7-9825-54AF8BFF540F}"
EndProject
Global
	GlobalSection(SolutionConfigurationPlatforms) = preSolution
		Debug|Any CPU = Debug|Any CPU
		Release|Any CPU = Release|Any CPU
	EndGlobalSection
	GlobalSection(ProjectConfigurationPlatforms) = postSolution
		{6CDEECB0-3805-4413-9A9B-275EE5B7A3A1}.Debug|Any CPU.ActiveCfg = Debug|Any CPU
		{6CDEECB0-3805-4413-9A9B-275EE5B7A3A1}.Debug|Any CPU.Build.0 = Debug|Any CPU
		{6CDEECB0-3805-4413-9A9B-275EE5B7A3A1}.Release|Any CPU.ActiveCfg = Release|Any CPU
		{6CDEECB0-3805-4413-9A9B-275EE5B7A3A1}.Release|Any CPU.Build.0 = Release|Any CPU
		{A34994DE-76C6-4EE7-9825-54AF8BFF540F}.Debug|Any CPU.ActiveCfg = Debug|Any CPU
		{A34994DE-76C6-4EE7-9825-54AF8BFF540F}.Debug|Any CPU.Build.0 = Debug|Any CPU
		{A34994DE-76C6-4EE7-9825-54AF8BFF540F}.Release|Any CPU.ActiveCfg = Release|Any CPU
		{A34994DE-76C6-4EE7-9825-54AF8BFF540F}.Release|Any CPU.Build.0 = Release|Any CPU
	EndGlobalSection
	GlobalSection(SolutionProperties) = preSolution
		HideSolutionNode = FALSE
	EndGlobalSection
	GlobalSection(ExtensibilityGlobals) = postSolution
		SolutionGuid = {F65A98A3-63B3-4E89-97DE-79C196F5A03B}
	EndGlobalSection
EndGlobal
